
Microsoft Visual Studio Solution File, Format Version 12.00
# Visual Studio Version 17
VisualStudioVersion = 17.14.36429.23 d17.14
MinimumVisualStudioVersion = 10.0.40219.1
Project("{FAE04EC0-301F-11D3-BF4B-00C04F79EFBC}") = "posofnega", "posofnega\posofnega.csproj", "{B0FB81A1-6584-47CA-B359-ECBBCC058ACA}"
EndProject
Global
	GlobalSection(SolutionConfigurationPlatforms) = preSolution
		Debug|Any CPU = Debug|Any CPU
		Release|Any CPU = Release|Any CPU
	EndGlobalSection
	GlobalSection(ProjectConfigurationPlatforms) = postSolution
		{B0FB81A1-6584-47CA-B359-ECBBCC058ACA}.Debug|Any CPU.ActiveCfg = Debug|Any CPU
		{B0FB81A1-6584-47CA-B359-ECBBCC058ACA}.Debug|Any CPU.Build.0 = Debug|Any CPU
		{B0FB81A1-6584-47CA-B359-ECBBCC058ACA}.Release|Any CPU.ActiveCfg = Release|Any CPU
		{B0FB81A1-6584-47CA-B359-ECBBCC058ACA}.Release|Any CPU.Build.0 = Release|Any CPU
	EndGlobalSection
	GlobalSection(SolutionProperties) = preSolution
		HideSolutionNode = FALSE
	EndGlobalSection
	GlobalSection(ExtensibilityGlobals) = postSolution
		SolutionGuid = {F9FC8FA2-50E6-4DB5-9154-55142BB14BAB}
	EndGlobalSection
EndGlobal
